
Microsoft Visual Studio Solution File, Format Version 12.00
# Visual Studio Version 17
VisualStudioVersion = 17.8.34525.116
MinimumVisualStudioVersion = 10.0.40219.1
Project("{9A19103F-16F7-4668-BE54-9A1E7A4F7556}") = "EmployeeManagementAPI", "EmployeeManagementAPI\EmployeeManagementAPI.csproj", "{7003259B-9043-4C7C-A83E-8795F74E7B8F}"
EndProject
Project("{FAE04EC0-301F-11D3-BF4B-00C04F79EFBC}") = "EmployeeManagementUnitTesting", "EmployeeManagementUnitTesting\EmployeeManagementUnitTesting.csproj", "{01D39CE5-56E3-47F3-868E-628CA9689778}"
EndProject
Global
	GlobalSection(SolutionConfigurationPlatforms) = preSolution
		Debug|Any CPU = Debug|Any CPU
		Release|Any CPU = Release|Any CPU
	EndGlobalSection
	GlobalSection(ProjectConfigurationPlatforms) = postSolution
		{7003259B-9043-4C7C-A83E-8795F74E7B8F}.Debug|Any CPU.ActiveCfg = Debug|Any CPU
		{7003259B-9043-4C7C-A83E-8795F74E7B8F}.Debug|Any CPU.Build.0 = Debug|Any CPU
		{7003259B-9043-4C7C-A83E-8795F74E7B8F}.Release|Any CPU.ActiveCfg = Release|Any CPU
		{7003259B-9043-4C7C-A83E-8795F74E7B8F}.Release|Any CPU.Build.0 = Release|Any CPU
		{01D39CE5-56E3-47F3-868E-628CA9689778}.Debug|Any CPU.ActiveCfg = Debug|Any CPU
		{01D39CE5-56E3-47F3-868E-628CA9689778}.Debug|Any CPU.Build.0 = Debug|Any CPU
		{01D39CE5-56E3-47F3-868E-628CA9689778}.Release|Any CPU.ActiveCfg = Release|Any CPU
		{01D39CE5-56E3-47F3-868E-628CA9689778}.Release|Any CPU.Build.0 = Release|Any CPU
	EndGlobalSection
	GlobalSection(SolutionProperties) = preSolution
		HideSolutionNode = FALSE
	EndGlobalSection
	GlobalSection(ExtensibilityGlobals) = postSolution
		SolutionGuid = {912D1420-24DC-4311-BCAF-1D959107139A}
	EndGlobalSection
EndGlobal
